
Microsoft Visual Studio Solution File, Format Version 12.00
# Visual Studio 15
VisualStudioVersion = 15.0.27130.2027
MinimumVisualStudioVersion = 10.0.40219.1
Project("{888888A0-9F3D-457C-B088-3A5042F75D52}") = "mcp25625.py", "mcp25625.py.pyproj", "{71B8303D-55D1-4E8C-BA30-547E3ACE49D1}"
EndProject
Global
	GlobalSection(SolutionConfigurationPlatforms) = preSolution
		Debug|Any CPU = Debug|Any CPU
		Release|Any CPU = Release|Any CPU
	EndGlobalSection
	GlobalSection(ProjectConfigurationPlatforms) = postSolution
		{71B8303D-55D1-4E8C-BA30-547E3ACE49D1}.Debug|Any CPU.ActiveCfg = Debug|Any CPU
		{71B8303D-55D1-4E8C-BA30-547E3ACE49D1}.Release|Any CPU.ActiveCfg = Release|Any CPU
	EndGlobalSection
	GlobalSection(SolutionProperties) = preSolution
		HideSolutionNode = FALSE
	EndGlobalSection
	GlobalSection(ExtensibilityGlobals) = postSolution
		SolutionGuid = {646A779D-812B-4AEF-ADF0-508FB09E0E65}
	EndGlobalSection
EndGlobal
